
Microsoft Visual Studio Solution File, Format Version 12.00
# Visual Studio Version 17
VisualStudioVersion = 17.3.32811.315
MinimumVisualStudioVersion = 10.0.40219.1
Project("{FAE04EC0-301F-11D3-BF4B-00C04F79EFBC}") = "task8_chessMapColor", "task8_chessMapColor\task8_chessMapColor.csproj", "{12803EC4-566E-48DF-A781-141AC1F9D31F}"
EndProject
Global
	GlobalSection(SolutionConfigurationPlatforms) = preSolution
		Debug|Any CPU = Debug|Any CPU
		Release|Any CPU = Release|Any CPU
	EndGlobalSection
	GlobalSection(ProjectConfigurationPlatforms) = postSolution
		{12803EC4-566E-48DF-A781-141AC1F9D31F}.Debug|Any CPU.ActiveCfg = Debug|Any CPU
		{12803EC4-566E-48DF-A781-141AC1F9D31F}.Debug|Any CPU.Build.0 = Debug|Any CPU
		{12803EC4-566E-48DF-A781-141AC1F9D31F}.Release|Any CPU.ActiveCfg = Release|Any CPU
		{12803EC4-566E-48DF-A781-141AC1F9D31F}.Release|Any CPU.Build.0 = Release|Any CPU
	EndGlobalSection
	GlobalSection(SolutionProperties) = preSolution
		HideSolutionNode = FALSE
	EndGlobalSection
	GlobalSection(ExtensibilityGlobals) = postSolution
		SolutionGuid = {E383A517-8534-43BB-B907-E42F2CF11333}
	EndGlobalSection
EndGlobal
